Microsoft Visual Studio Solution File, Format Version 12.00
# Visual Studio Version 17
VisualStudioVersion = 17.5.2.0
MinimumVisualStudioVersion = 10.0.40219.1
Project("{FAE04EC0-301F-11D3-BF4B-00C04F79EFBC}") = "stock_quote_alert", "stock_quote_alert.csproj", "{A6BD9042-5E3A-CE5E-FF67-D983BB2C4DF0}"
EndProject
Global
	GlobalSection(SolutionConfigurationPlatforms) = preSolution
		Debug|Any CPU = Debug|Any CPU
		Release|Any CPU = Release|Any CPU
	EndGlobalSection
	GlobalSection(ProjectConfigurationPlatforms) = postSolution
		{A6BD9042-5E3A-CE5E-FF67-D983BB2C4DF0}.Debug|Any CPU.ActiveCfg = Debug|Any CPU
		{A6BD9042-5E3A-CE5E-FF67-D983BB2C4DF0}.Debug|Any CPU.Build.0 = Debug|Any CPU
		{A6BD9042-5E3A-CE5E-FF67-D983BB2C4DF0}.Release|Any CPU.ActiveCfg = Release|Any CPU
		{A6BD9042-5E3A-CE5E-FF67-D983BB2C4DF0}.Release|Any CPU.Build.0 = Release|Any CPU
	EndGlobalSection
	GlobalSection(SolutionProperties) = preSolution
		HideSolutionNode = FALSE
	EndGlobalSection
	GlobalSection(ExtensibilityGlobals) = postSolution
		SolutionGuid = {E4A2C7CA-490C-4E3E-BCB3-14B8F3348501}
	EndGlobalSection
EndGlobal
